// !$*UTF8*$!
{
	archiveVersion = 1;
	classes = {
	};
	objectVersion = 50;
	objects = {

/* Begin PBXBuildFile section */
		08B79D75231EAE55000C0C59 /* AppDelegate.swift in Sources */ = {isa = PBXBuildFile; fileRef = 08B79D74231EAE55000C0C59 /* AppDelegate.swift */; };
		08B79D77231EAE55000C0C59 /* ViewController.swift in Sources */ = {isa = PBXBuildFile; fileRef = 08B79D76231EAE55000C0C59 /* ViewController.swift */; };
		08B79D7A231EAE55000C0C59 /* Main.storyboard in Resources */ = {isa = PBXBuildFile; fileRef = 08B79D78231EAE55000C0C59 /* Main.storyboard */; };
		08B79D7C231EAE5A000C0C59 /* Assets.xcassets in Resources */ = {isa = PBXBuildFile; fileRef = 08B79D7B231EAE5A000C0C59 /* Assets.xcassets */; };
		08B79D7F231EAE5A000C0C59 /* LaunchScreen.storyboard in Resources */ = {isa = PBXBuildFile; fileRef = 08B79D7D231EAE5A000C0C59 /* LaunchScreen.storyboard */; };
		08B79D8A231EAE5A000C0C59 /* Concurrency_LabTests.swift in Sources */ = {isa = PBXBuildFile; fileRef = 08B79D89231EAE5A000C0C59 /* Concurrency_LabTests.swift */; };
		08BCFD2C231EE64800D3A509 /* CountryDetailsViewController.swift in Sources */ = {isa = PBXBuildFile; fileRef = 08BCFD2B231EE64800D3A509 /* CountryDetailsViewController.swift */; };
		08BCFD2E231EE7ED00D3A509 /* CountryTableViewCell.swift in Sources */ = {isa = PBXBuildFile; fileRef = 08BCFD2D231EE7ED00D3A509 /* CountryTableViewCell.swift */; };
/* End PBXBuildFile section */

/* Begin PBXContainerItemProxy section */
		08B79D86231EAE5A000C0C59 /* PBXContainerItemProxy */ = {
			isa = PBXContainerItemProxy;
			containerPortal = 08B79D69231EAE55000C0C59 /* Project object */;
			proxyType = 1;
			remoteGlobalIDString = 08B79D70231EAE55000C0C59;
			remoteInfo = "Concurrency Lab";
		};
/* End PBXContainerItemProxy section */

/* Begin PBXFileReference section */
		08B79D71231EAE55000C0C59 /* Concurrency Lab.app */ = {isa = PBXFileReference; explicitFileType = wrapper.application; includeInIndex = 0; path = "Concurrency Lab.app"; sourceTree = BUILT_PRODUCTS_DIR; };
		08B79D74231EAE55000C0C59 /* AppDelegate.swift */ = {isa = PBXFileReference; lastKnownFileType = sourcecode.swift; path = AppDelegate.swift; sourceTree = "<group>"; };
		08B79D76231EAE55000C0C59 /* ViewController.swift */ = {isa = PBXFileReference; lastKnownFileType = sourcecode.swift; path = ViewController.swift; sourceTree = "<group>"; };
		08B79D79231EAE55000C0C59 /* Base */ = {isa = PBXFileReference; lastKnownFileType = file.storyboard; name = Base; path = Base.lproj/Main.storyboard; sourceTree = "<group>"; };
		08B79D7B231EAE5A000C0C59 /* Assets.xcassets */ = {isa = PBXFileReference; lastKnownFileType = folder.assetcatalog; path = Assets.xcassets; sourceTree = "<group>"; };
		08B79D7E231EAE5A000C0C59 /* Base */ = {isa = PBXFileReference; lastKnownFileType = file.storyboard; name = Base; path = Base.lproj/LaunchScreen.storyboard; sourceTree = "<group>"; };
		08B79D80231EAE5A000C0C59 /* Info.plist */ = {isa = PBXFileReference; lastKnownFileType = text.plist.xml; path = Info.plist; sourceTree = "<group>"; };
		08B79D85231EAE5A000C0C59 /* Concurrency LabTests.xctest */ = {isa = PBXFileReference; explicitFileType = wrapper.cfbundle; includeInIndex = 0; path = "Concurrency LabTests.xctest"; sourceTree = BUILT_PRODUCTS_DIR; };
		08B79D89231EAE5A000C0C59 /* Concurrency_LabTests.swift */ = {isa = PBXFileReference; lastKnownFileType = sourcecode.swift; path = Concurrency_LabTests.swift; sourceTree = "<group>"; };
		08B79D8B231EAE5A000C0C59 /* Info.plist */ = {isa = PBXFileReference; lastKnownFileType = text.plist.xml; path = Info.plist; sourceTree = "<group>"; };
		08BCFD2B231EE64800D3A509 /* CountryDetailsViewController.swift */ = {isa = PBXFileReference; lastKnownFileType = sourcecode.swift; path = CountryDetailsViewController.swift; sourceTree = "<group>"; };
		08BCFD2D231EE7ED00D3A509 /* CountryTableViewCell.swift */ = {isa = PBXFileReference; lastKnownFileType = sourcecode.swift; path = CountryTableViewCell.swift; sourceTree = "<group>"; };
/* End PBXFileReference section */

/* Begin PBXFrameworksBuildPhase section */
		08B79D6E231EAE55000C0C59 /* Frameworks */ = {
			isa = PBXFrameworksBuildPhase;
			buildActionMask = 2147483647;
			files = (
			);
			runOnlyForDeploymentPostprocessing = 0;
		};
		08B79D82231EAE5A000C0C59 /* Frameworks */ = {
			isa = PBXFrameworksBuildPhase;
			buildActionMask = 2147483647;
			files = (
			);
			runOnlyForDeploymentPostprocessing = 0;
		};
/* End PBXFrameworksBuildPhase section */

/* Begin PBXGroup section */
		08B79D68231EAE55000C0C59 = {
			isa = PBXGroup;
			children = (
				08B79D73231EAE55000C0C59 /* Concurrency Lab */,
				08B79D88231EAE5A000C0C59 /* Concurrency LabTests */,
				08B79D72231EAE55000C0C59 /* Products */,
			);
			sourceTree = "<group>";
		};
		08B79D72231EAE55000C0C59 /* Products */ = {
			isa = PBXGroup;
			children = (
				08B79D71231EAE55000C0C59 /* Concurrency Lab.app */,
				08B79D85231EAE5A000C0C59 /* Concurrency LabTests.xctest */,
			);
			name = Products;
			sourceTree = "<group>";
		};
		08B79D73231EAE55000C0C59 /* Concurrency Lab */ = {
			isa = PBXGroup;
			children = (
				08B79D74231EAE55000C0C59 /* AppDelegate.swift */,
				08B79D76231EAE55000C0C59 /* ViewController.swift */,
				08BCFD2B231EE64800D3A509 /* CountryDetailsViewController.swift */,
				08BCFD2D231EE7ED00D3A509 /* CountryTableViewCell.swift */,
				08B79D78231EAE55000C0C59 /* Main.storyboard */,
				08B79D7B231EAE5A000C0C59 /* Assets.xcassets */,
				08B79D7D231EAE5A000C0C59 /* LaunchScreen.storyboard */,
				08B79D80231EAE5A000C0C59 /* Info.plist */,
			);
			path = "Concurrency Lab";
			sourceTree = "<group>";
		};
		08B79D88231EAE5A000C0C59 /* Concurrency LabTests */ = {
			isa = PBXGroup;
			children = (
				08B79D89231EAE5A000C0C59 /* Concurrency_LabTests.swift */,
				08B79D8B231EAE5A000C0C59 /* Info.plist */,
			);
			path = "Concurrency LabTests";
			sourceTree = "<group>";
		};
/* End PBXGroup section */

/* Begin PBXNativeTarget section */
		08B79D70231EAE55000C0C59 /* Concurrency Lab */ = {
			isa = PBXNativeTarget;
			buildConfigurationList = 08B79D8E231EAE5A000C0C59 /* Build configuration list for PBXNativeTarget "Concurrency Lab" */;
			buildPhases = (
				08B79D6D231EAE55000C0C59 /* Sources */,
				08B79D6E231EAE55000C0C59 /* Frameworks */,
				08B79D6F231EAE55000C0C59 /* Resources */,
			);
			buildRules = (
			);
			dependencies = (
			);
			name = "Concurrency Lab";
			productName = "Concurrency Lab";
			productReference = 08B79D71231EAE55000C0C59 /* Concurrency Lab.app */;
			productType = "com.apple.product-type.application";
		};
		08B79D84231EAE5A000C0C59 /* Concurrency LabTests */ = {
			isa = PBXNativeTarget;
			buildConfigurationList = 08B79D91231EAE5A000C0C59 /* Build configuration list for PBXNativeTarget "Concurrency LabTests" */;
			buildPhases = (
				08B79D81231EAE5A000C0C59 /* Sources */,
				08B79D82231EAE5A000C0C59 /* Frameworks */,
				08B79D83231EAE5A000C0C59 /* Resources */,
			);
			buildRules = (
			);
			dependencies = (
				08B79D87231EAE5A000C0C59 /* PBXTargetDependency */,
			);
			name = "Concurrency LabTests";
			productName = "Concurrency LabTests";
			productReference = 08B79D85231EAE5A000C0C59 /* Concurrency LabTests.xctest */;
			productType = "com.apple.product-type.bundle.unit-test";
		};
/* End PBXNativeTarget section */

/* Begin PBXProject section */
		08B79D69231EAE55000C0C59 /* Project object */ = {
			isa = PBXProject;
			attributes = {
				LastSwiftUpdateCheck = 1030;
				LastUpgradeCheck = 1030;
				ORGANIZATIONNAME = "Jason Ruan";
				TargetAttributes = {
					08B79D70231EAE55000C0C59 = {
						CreatedOnToolsVersion = 10.3;
					};
					08B79D84231EAE5A000C0C59 = {
						CreatedOnToolsVersion = 10.3;
						TestTargetID = 08B79D70231EAE55000C0C59;
					};
				};
			};
			buildConfigurationList = 08B79D6C231EAE55000C0C59 /* Build configuration list for PBXProject "Concurrency Lab" */;
			compatibilityVersion = "Xcode 9.3";
			developmentRegion = en;
			hasScannedForEncodings = 0;
			knownRegions = (
				en,
				Base,
			);
			mainGroup = 08B79D68231EAE55000C0C59;
			productRefGroup = 08B79D72231EAE55000C0C59 /* Products */;
			projectDirPath = "";
			projectRoot = "";
			targets = (
				08B79D70231EAE55000C0C59 /* Concurrency Lab */,
				08B79D84231EAE5A000C0C59 /* Concurrency LabTests */,
			);
		};
/* End PBXProject section */

/* Begin PBXResourcesBuildPhase section */
		08B79D6F231EAE55000C0C59 /* Resources */ = {
			isa = PBXResourcesBuildPhase;
			buildActionMask = 2147483647;
			files = (
				08B79D7F231EAE5A000C0C59 /* LaunchScreen.storyboard in Resources */,
				08B79D7C231EAE5A000C0C59 /* Assets.xcassets in Resources */,
				08B79D7A231EAE55000C0C59 /* Main.storyboard in Resources */,
			);
			runOnlyForDeploymentPostprocessing = 0;
		};
		08B79D83231EAE5A000C0C59 /* Resources */ = {
			isa = PBXResourcesBuildPhase;
			buildActionMask = 2147483647;
			files = (
			);
			runOnlyForDeploymentPostprocessing = 0;
		};
/* End PBXResourcesBuildPhase section */

/* Begin PBXSourcesBuildPhase section */
		08B79D6D231EAE55000C0C59 /* Sources */ = {
			isa = PBXSourcesBuildPhase;
			buildActionMask = 2147483647;
			files = (
				08BCFD2E231EE7ED00D3A509 /* CountryTableViewCell.swift in Sources */,
				08B79D77231EAE55000C0C59 /* ViewController.swift in Sources */,
				08BCFD2C231EE64800D3A509 /* CountryDetailsViewController.swift in Sources */,
				08B79D75231EAE55000C0C59 /* AppDelegate.swift in Sources */,
			);
			runOnlyForDeploymentPostprocessing = 0;
		};
		08B79D81231EAE5A000C0C59 /* Sources */ = {
			isa = PBXSourcesBuildPhase;
			buildActionMask = 2147483647;
			files = (
				08B79D8A231EAE5A000C0C59 /* Concurrency_LabTests.swift in Sources */,
			);
			runOnlyForDeploymentPostprocessing = 0;
		};
/* End PBXSourcesBuildPhase section */

/* Begin PBXTargetDependency section */
		08B79D87231EAE5A000C0C59 /* PBXTargetDependency */ = {
			isa = PBXTargetDependency;
			target = 08B79D70231EAE55000C0C59 /* Concurrency Lab */;
			targetProxy = 08B79D86231EAE5A000C0C59 /* PBXContainerItemProxy */;
		};
/* End PBXTargetDependency section */

/* Begin PBXVariantGroup section */
		08B79D78231EAE55000C0C59 /* Main.storyboard */ = {
			isa = PBXVariantGroup;
			children = (
				08B79D79231EAE55000C0C59 /* Base */,
			);
			name = Main.storyboard;
			sourceTree = "<group>";
		};
		08B79D7D231EAE5A000C0C59 /* LaunchScreen.storyboard */ = {
			isa = PBXVariantGroup;
			children = (
				08B79D7E231EAE5A000C0C59 /* Base */,
			);
			name = LaunchScreen.storyboard;
			sourceTree = "<group>";
		};
/* End PBXVariantGroup section */

/* Begin XCBuildConfiguration section */
		08B79D8C231EAE5A000C0C59 /* Debug */ = {
			isa = XCBuildConfiguration;
			buildSettings = {
				ALWAYS_SEARCH_USER_PATHS = NO;
				CLANG_ANALYZER_NONNULL = YES;
				CLANG_ANALYZER_NUMBER_OBJECT_CONVERSION = YES_AGGRESSIVE;
				CLANG_CXX_LANGUAGE_STANDARD = "gnu++14";
				CLANG_CXX_LIBRARY = "libc++";
				CLANG_ENABLE_MODULES = YES;
				CLANG_ENABLE_OBJC_ARC = YES;
				CLANG_ENABLE_OBJC_WEAK = YES;
				CLANG_WARN_BLOCK_CAPTURE_AUTORELEASING = YES;
				CLANG_WARN_BOOL_CONVERSION = YES;
				CLANG_WARN_COMMA = YES;
				CLANG_WARN_CONSTANT_CONVERSION = YES;
				CLANG_WARN_DEPRECATED_OBJC_IMPLEMENTATIONS = YES;
				CLANG_WARN_DIRECT_OBJC_ISA_USAGE = YES_ERROR;
				CLANG_WARN_DOCUMENTATION_COMMENTS = YES;
				CLANG_WARN_EMPTY_BODY = YES;
				CLANG_WARN_ENUM_CONVERSION = YES;
				CLANG_WARN_INFINITE_RECURSION = YES;
				CLANG_WARN_INT_CONVERSION = YES;
				CLANG_WARN_NON_LITERAL_NULL_CONVERSION = YES;
				CLANG_WARN_OBJC_IMPLICIT_RETAIN_SELF = YES;
				CLANG_WARN_OBJC_LITERAL_CONVERSION = YES;
				CLANG_WARN_OBJC_ROOT_CLASS = YES_ERROR;
				CLANG_WARN_RANGE_LOOP_ANALYSIS = YES;
				CLANG_WARN_STRICT_PROTOTYPES = YES;
				CLANG_WARN_SUSPICIOUS_MOVE = YES;
				CLANG_WARN_UNGUARDED_AVAILABILITY = YES_AGGRESSIVE;
				CLANG_WARN_UNREACHABLE_CODE = YES;
				CLANG_WARN__DUPLICATE_METHOD_MATCH = YES;
				CODE_SIGN_IDENTITY = "iPhone Developer";
				COPY_PHASE_STRIP = NO;
				DEBUG_INFORMATION_FORMAT = dwarf;
				ENABLE_STRICT_OBJC_MSGSEND = YES;
				ENABLE_TESTABILITY = YES;
				GCC_C_LANGUAGE_STANDARD = gnu11;
				GCC_DYNAMIC_NO_PIC = NO;
				GCC_NO_COMMON_BLOCKS = YES;
				GCC_OPTIMIZATION_LEVEL = 0;
				GCC_PREPROCESSOR_DEFINITIONS = (
					"DEBUG=1",
					"$(inherited)",
				);
				GCC_WARN_64_TO_32_BIT_CONVERSION = YES;
				GCC_WARN_ABOUT_RETURN_TYPE = YES_ERROR;
				GCC_WARN_UNDECLARED_SELECTOR = YES;
				GCC_WARN_UNINITIALIZED_AUTOS = YES_AGGRESSIVE;
				GCC_WARN_UNUSED_FUNCTION = YES;
				GCC_WARN_UNUSED_VARIABLE = YES;
				IPHONEOS_DEPLOYMENT_TARGET = 12.4;
				MTL_ENABLE_DEBUG_INFO = INCLUDE_SOURCE;
				MTL_FAST_MATH = YES;
				ONLY_ACTIVE_ARCH = YES;
				SDKROOT = iphoneos;
				SWIFT_ACTIVE_COMPILATION_CONDITIONS = DEBUG;
				SWIFT_OPTIMIZATION_LEVEL = "-Onone";
			};
			name = Debug;
		};
		08B79D8D231EAE5A000C0C59 /* Release */ = {
			isa = XCBuildConfiguration;
			buildSettings = {
				ALWAYS_SEARCH_USER_PATHS = NO;
				CLANG_ANALYZER_NONNULL = YES;
				CLANG_ANALYZER_NUMBER_OBJECT_CONVERSION = YES_AGGRESSIVE;
				CLANG_CXX_LANGUAGE_STANDARD = "gnu++14";
				CLANG_CXX_LIBRARY = "libc++";
				CLANG_ENABLE_MODULES = YES;
				CLANG_ENABLE_OBJC_ARC = YES;
				CLANG_ENABLE_OBJC_WEAK = YES;
				CLANG_WARN_BLOCK_CAPTURE_AUTORELEASING = YES;
				CLANG_WARN_BOOL_CONVERSION = YES;
				CLANG_WARN_COMMA = YES;
				CLANG_WARN_CONSTANT_CONVERSION = YES;
				CLANG_WARN_DEPRECATED_OBJC_IMPLEMENTATIONS = YES;
				CLANG_WARN_DIRECT_OBJC_ISA_USAGE = YES_ERROR;
				CLANG_WARN_DOCUMENTATION_COMMENTS = YES;
				CLANG_WARN_EMPTY_BODY = YES;
				CLANG_WARN_ENUM_CONVERSION = YES;
				CLANG_WARN_INFINITE_RECURSION = YES;
				CLANG_WARN_INT_CONVERSION = YES;
				CLANG_WARN_NON_LITERAL_NULL_CONVERSION = YES;
				CLANG_WARN_OBJC_IMPLICIT_RETAIN_SELF = YES;
				CLANG_WARN_OBJC_LITERAL_CONVERSION = YES;
				CLANG_WARN_OBJC_ROOT_CLASS = YES_ERROR;
				CLANG_WARN_RANGE_LOOP_ANALYSIS = YES;
				CLANG_WARN_STRICT_PROTOTYPES = YES;
				CLANG_WARN_SUSPICIOUS_MOVE = YES;
				CLANG_WARN_UNGUARDED_AVAILABILITY = YES_AGGRESSIVE;
				CLANG_WARN_UNREACHABLE_CODE = YES;
				CLANG_WARN__DUPLICATE_METHOD_MATCH = YES;
				CODE_SIGN_IDENTITY = "iPhone Developer";
				COPY_PHASE_STRIP = NO;
				DEBUG_INFORMATION_FORMAT = "dwarf-with-dsym";
				ENABLE_NS_ASSERTIONS = NO;
				ENABLE_STRICT_OBJC_MSGSEND = YES;
				GCC_C_LANGUAGE_STANDARD = gnu11;
				GCC_NO_COMMON_BLOCKS = YES;
				GCC_WARN_64_TO_32_BIT_CONVERSION = YES;
				GCC_WARN_ABOUT_RETURN_TYPE = YES_ERROR;
				GCC_WARN_UNDECLARED_SELECTOR = YES;
				GCC_WARN_UNINITIALIZED_AUTOS = YES_AGGRESSIVE;
				GCC_WARN_UNUSED_FUNCTION = YES;
				GCC_WARN_UNUSED_VARIABLE = YES;
				IPHONEOS_DEPLOYMENT_TARGET = 12.4;
				MTL_ENABLE_DEBUG_INFO = NO;
				MTL_FAST_MATH = YES;
				SDKROOT = iphoneos;
				SWIFT_COMPILATION_MODE = wholemodule;
				SWIFT_OPTIMIZATION_LEVEL = "-O";
				VALIDATE_PRODUCT = YES;
			};
			name = Release;
		};
		08B79D8F231EAE5A000C0C59 /* Debug */ = {
			isa = XCBuildConfiguration;
			buildSettings = {
				ASSETCATALOG_COMPILER_APPICON_NAME = AppIcon;
				CODE_SIGN_STYLE = Automatic;
				DEVELOPMENT_TEAM = P7Q76CBS9B;
				INFOPLIST_FILE = "Concurrency Lab/Info.plist";
				LD_RUNPATH_SEARCH_PATHS = (
					"$(inherited)",
					"@executable_path/Frameworks",
				);
				PRODUCT_BUNDLE_IDENTIFIER = "concurrency-lab.Concurrency-Lab";
				PRODUCT_NAME = "$(TARGET_NAME)";
				SWIFT_VERSION = 5.0;
				TARGETED_DEVICE_FAMILY = "1,2";
			};
			name = Debug;
		};
		08B79D90231EAE5A000C0C59 /* Release */ = {
			isa = XCBuildConfiguration;
			buildSettings = {
				ASSETCATALOG_COMPILER_APPICON_NAME = AppIcon;
				CODE_SIGN_STYLE = Automatic;
				DEVELOPMENT_TEAM = P7Q76CBS9B;
				INFOPLIST_FILE = "Concurrency Lab/Info.plist";
				LD_RUNPATH_SEARCH_PATHS = (
					"$(inherited)",
					"@executable_path/Frameworks",
				);
				PRODUCT_BUNDLE_IDENTIFIER = "concurrency-lab.Concurrency-Lab";
				PRODUCT_NAME = "$(TARGET_NAME)";
				SWIFT_VERSION = 5.0;
				TARGETED_DEVICE_FAMILY = "1,2";
			};
			name = Release;
		};
		08B79D92231EAE5A000C0C59 /* Debug */ = {
			isa = XCBuildConfiguration;
			buildSettings = {
				ALWAYS_EMBED_SWIFT_STANDARD_LIBRARIES = YES;
				BUNDLE_LOADER = "$(TEST_HOST)";
				CODE_SIGN_STYLE = Automatic;
				DEVELOPMENT_TEAM = P7Q76CBS9B;
				INFOPLIST_FILE = "Concurrency LabTests/Info.plist";
				LD_RUNPATH_SEARCH_PATHS = (
					"$(inherited)",
					"@executable_path/Frameworks",
					"@loader_path/Frameworks",
				);
				PRODUCT_BUNDLE_IDENTIFIER = "concurrency-lab.Concurrency-LabTests";
				PRODUCT_NAME = "$(TARGET_NAME)";
				SWIFT_VERSION = 5.0;
				TARGETED_DEVICE_FAMILY = "1,2";
				TEST_HOST = "$(BUILT_PRODUCTS_DIR)/Concurrency Lab.app/Concurrency Lab";
			};
			name = Debug;
		};
		08B79D93231EAE5A000C0C59 /* Release */ = {
			isa = XCBuildConfiguration;
			buildSettings = {
				ALWAYS_EMBED_SWIFT_STANDARD_LIBRARIES = YES;
				BUNDLE_LOADER = "$(TEST_HOST)";
				CODE_SIGN_STYLE = Automatic;
				DEVELOPMENT_TEAM = P7Q76CBS9B;
				INFOPLIST_FILE = "Concurrency LabTests/Info.plist";
				LD_RUNPATH_SEARCH_PATHS = (
					"$(inherited)",
					"@executable_path/Frameworks",
					"@loader_path/Frameworks",
				);
				PRODUCT_BUNDLE_IDENTIFIER = "concurrency-lab.Concurrency-LabTests";
				PRODUCT_NAME = "$(TARGET_NAME)";
				SWIFT_VERSION = 5.0;
				TARGETED_DEVICE_FAMILY = "1,2";
				TEST_HOST = "$(BUILT_PRODUCTS_DIR)/Concurrency Lab.app/Concurrency Lab";
			};
			name = Release;
		};
/* End XCBuildConfiguration section */

/* Begin XCConfigurationList section */
		08B79D6C231EAE55000C0C59 /* Build configuration list for PBXProject "Concurrency Lab" */ = {
			isa = XCConfigurationList;
			buildConfigurations = (
				08B79D8C231EAE5A000C0C59 /* Debug */,
				08B79D8D231EAE5A000C0C59 /* Release */,
			);
			defaultConfigurationIsVisible = 0;
			defaultConfigurationName = Release;
		};
		08B79D8E231EAE5A000C0C59 /* Build configuration list for PBXNativeTarget "Concurrency Lab" */ = {
			isa = XCConfigurationList;
			buildConfigurations = (
				08B79D8F231EAE5A000C0C59 /* Debug */,
				08B79D90231EAE5A000C0C59 /* Release */,
			);
			defaultConfigurationIsVisible = 0;
			defaultConfigurationName = Release;
		};
		08B79D91231EAE5A000C0C59 /* Build configuration list for PBXNativeTarget "Concurrency LabTests" */ = {
			isa = XCConfigurationList;
			buildConfigurations = (
				08B79D92231EAE5A000C0C59 /* Debug */,
				08B79D93231EAE5A000C0C59 /* Release */,
			);
			defaultConfigurationIsVisible = 0;
			defaultConfigurationName = Release;
		};
/* End XCConfigurationList section */
	};
	rootObject = 08B79D69231EAE55000C0C59 /* Project object */;
}
